
Microsoft Visual Studio Solution File, Format Version 12.00
# Visual Studio 2013
VisualStudioVersion = 12.0.21005.1
MinimumVisualStudioVersion = 10.0.40219.1
Project("{FAE04EC0-301F-11D3-BF4B-00C04F79EFBC}") = "cangqian", "cangqian\cangqian.csproj", "{BF8439EC-A628-485A-AC58-47C4F1059CD4}"
EndProject
Global
	GlobalSection(SolutionConfigurationPlatforms) = preSolution
		Debug|Any CPU = Debug|Any CPU
		Release|Any CPU = Release|Any CPU
	EndGlobalSection
	GlobalSection(ProjectConfigurationPlatforms) = postSolution
		{BF8439EC-A628-485A-AC58-47C4F1059CD4}.Debug|Any CPU.ActiveCfg = Debug|Any CPU
		{BF8439EC-A628-485A-AC58-47C4F1059CD4}.Debug|Any CPU.Build.0 = Debug|Any CPU
		{BF8439EC-A628-485A-AC58-47C4F1059CD4}.Release|Any CPU.ActiveCfg = Release|Any CPU
		{BF8439EC-A628-485A-AC58-47C4F1059CD4}.Release|Any CPU.Build.0 = Release|Any CPU
	EndGlobalSection
	GlobalSection(SolutionProperties) = preSolution
		HideSolutionNode = FALSE
	EndGlobalSection
EndGlobal
